
Microsoft Visual Studio Solution File, Format Version 12.00
# Visual Studio 15
VisualStudioVersion = 15.0.28307.168
MinimumVisualStudioVersion = 10.0.40219.1
Project("{FAE04EC0-301F-11D3-BF4B-00C04F79EFBC}") = "ProMan", "ProMan\ProMan.csproj", "{F52FA7B6-9F99-4A8D-ADF1-17FCCC58B974}"
EndProject
Global
	GlobalSection(SolutionConfigurationPlatforms) = preSolution
		Debug|Any CPU = Debug|Any CPU
		Release|Any CPU = Release|Any CPU
	EndGlobalSection
	GlobalSection(ProjectConfigurationPlatforms) = postSolution
		{F52FA7B6-9F99-4A8D-ADF1-17FCCC58B974}.Debug|Any CPU.ActiveCfg = Debug|Any CPU
		{F52FA7B6-9F99-4A8D-ADF1-17FCCC58B974}.Debug|Any CPU.Build.0 = Debug|Any CPU
		{F52FA7B6-9F99-4A8D-ADF1-17FCCC58B974}.Release|Any CPU.ActiveCfg = Release|Any CPU
		{F52FA7B6-9F99-4A8D-ADF1-17FCCC58B974}.Release|Any CPU.Build.0 = Release|Any CPU
	EndGlobalSection
	GlobalSection(SolutionProperties) = preSolution
		HideSolutionNode = FALSE
	EndGlobalSection
	GlobalSection(ExtensibilityGlobals) = postSolution
		SolutionGuid = {23F842EB-DB43-4CEE-897A-181327F9C485}
	EndGlobalSection
EndGlobal
